lockfileVersion: '9.0'

settings:
  autoInstallPeers: true
  excludeLinksFromLockfile: false

importers:

  .:
    dependencies:
      '@minecraft/server':
        specifier: ^1.16.0-beta.1.21.44-stable
        version: 1.16.0-rc.1.21.60-preview.21
      '@minecraft/server-ui':
        specifier: ^1.4.0-beta.1.21.44-stable
        version: 1.4.0-beta.1.21.60-preview.21

packages:

  '@minecraft/common@1.2.0':
    resolution: {integrity: sha512-JdmEq4P3Z/FtoBzhLijFgMSVFnFRrUoLwY8DHHrgtFo0mfLTOLTB1RErYjLMsA6b7BGVNxkX/pfFRiH7QZ0XwQ==}

  '@minecraft/server-ui@1.4.0-beta.1.21.60-preview.21':
    resolution: {integrity: sha512-8hwXlwgdppR/y2eP9Z2PMY7C4C5bDU3+evjeYaP82q7mWn7Gx+fPKnOq0Qi80T3HLO8jo6elVn7heXYmcYwO+A==}

  '@minecraft/server@1.15.0':
    resolution: {integrity: sha512-KpXtxwuwr0hSBbTYOaMR6hSLG+UBWvifhkmnu2Tx32567hBp2N4DxVmoIXT0swQ8RFvv1o6PyGHXqm3Qfw1wOg==}

  '@minecraft/server@1.16.0-rc.1.21.60-preview.21':
    resolution: {integrity: sha512-PCya4tbHJhajnkTSNk1Z9jkBWlsGacC8GwFDhT8NYvECPp8mVZ0aeeBS5uv6Htv6uWeJIL3ywiZtJv4L+S4tpg==}

snapshots:

  '@minecraft/common@1.2.0': {}

  '@minecraft/server-ui@1.4.0-beta.1.21.60-preview.21':
    dependencies:
      '@minecraft/common': 1.2.0
      '@minecraft/server': 1.15.0

  '@minecraft/server@1.15.0':
    dependencies:
      '@minecraft/common': 1.2.0

  '@minecraft/server@1.16.0-rc.1.21.60-preview.21':
    dependencies:
      '@minecraft/common': 1.2.0
